
Microsoft Visual Studio Solution File, Format Version 12.00
# Visual Studio Version 16
VisualStudioVersion = 16.0.30711.63
MinimumVisualStudioVersion = 10.0.40219.1
Project("{9A19103F-16F7-4668-BE54-9A1E7A4F7556}") = "Vicold.FileConfusion", "Vicold.FileConfusion\Vicold.FileConfusion.csproj", "{1DC8C7E7-4159-4336-ADC3-122A9AC74F40}"
EndProject
Project("{FAE04EC0-301F-11D3-BF4B-00C04F79EFBC}") = "Vicold.FileConfusion.Console", "Vicold.FileConfusion.Console\Vicold.FileConfusion.Console.csproj", "{590EE635-FA13-4AE4-8052-B8285EF51168}"
EndProject
Global
	GlobalSection(SolutionConfigurationPlatforms) = preSolution
		Debug|Any CPU = Debug|Any CPU
		Release|Any CPU = Release|Any CPU
	EndGlobalSection
	GlobalSection(ProjectConfigurationPlatforms) = postSolution
		{1DC8C7E7-4159-4336-ADC3-122A9AC74F40}.Debug|Any CPU.ActiveCfg = Debug|Any CPU
		{1DC8C7E7-4159-4336-ADC3-122A9AC74F40}.Debug|Any CPU.Build.0 = Debug|Any CPU
		{1DC8C7E7-4159-4336-ADC3-122A9AC74F40}.Release|Any CPU.ActiveCfg = Release|Any CPU
		{1DC8C7E7-4159-4336-ADC3-122A9AC74F40}.Release|Any CPU.Build.0 = Release|Any CPU
		{590EE635-FA13-4AE4-8052-B8285EF51168}.Debug|Any CPU.ActiveCfg = Debug|Any CPU
		{590EE635-FA13-4AE4-8052-B8285EF51168}.Debug|Any CPU.Build.0 = Debug|Any CPU
		{590EE635-FA13-4AE4-8052-B8285EF51168}.Release|Any CPU.ActiveCfg = Release|Any CPU
		{590EE635-FA13-4AE4-8052-B8285EF51168}.Release|Any CPU.Build.0 = Release|Any CPU
	EndGlobalSection
	GlobalSection(SolutionProperties) = preSolution
		HideSolutionNode = FALSE
	EndGlobalSection
	GlobalSection(ExtensibilityGlobals) = postSolution
		SolutionGuid = {FBDB764D-3ED1-42DF-8E47-9C4D1DB73AF6}
	EndGlobalSection
EndGlobal
