
Microsoft Visual Studio Solution File, Format Version 12.00
# Visual Studio Version 16
VisualStudioVersion = 16.0.30413.136
MinimumVisualStudioVersion = 10.0.40219.1
Project("{FAE04EC0-301F-11D3-BF4B-00C04F79EFBC}") = "Vicold.Algorithm4NetStandard.SimilarSearch", "Vicold.Algorithm4NetStandard.SimilarSearch\Vicold.Algorithm4NetStandard.SimilarSearch.csproj", "{D4CEBF95-1337-44A4-91BD-5C7ECDD2A967}"
EndProject
Project("{FAE04EC0-301F-11D3-BF4B-00C04F79EFBC}") = "Vicold.Algorithm4NetStandard.SimilarSearch.Test", "Vicold.Algorithm4NetStandard.SimilarSearch.Test\Vicold.Algorithm4NetStandard.SimilarSearch.Test.csproj", "{609CFE1C-DEB9-48A7-9B20-59216033041E}"
EndProject
Global
	GlobalSection(SolutionConfigurationPlatforms) = preSolution
		Debug|Any CPU = Debug|Any CPU
		Release|Any CPU = Release|Any CPU
	EndGlobalSection
	GlobalSection(ProjectConfigurationPlatforms) = postSolution
		{D4CEBF95-1337-44A4-91BD-5C7ECDD2A967}.Debug|Any CPU.ActiveCfg = Debug|Any CPU
		{D4CEBF95-1337-44A4-91BD-5C7ECDD2A967}.Debug|Any CPU.Build.0 = Debug|Any CPU
		{D4CEBF95-1337-44A4-91BD-5C7ECDD2A967}.Release|Any CPU.ActiveCfg = Release|Any CPU
		{D4CEBF95-1337-44A4-91BD-5C7ECDD2A967}.Release|Any CPU.Build.0 = Release|Any CPU
		{609CFE1C-DEB9-48A7-9B20-59216033041E}.Debug|Any CPU.ActiveCfg = Debug|Any CPU
		{609CFE1C-DEB9-48A7-9B20-59216033041E}.Debug|Any CPU.Build.0 = Debug|Any CPU
		{609CFE1C-DEB9-48A7-9B20-59216033041E}.Release|Any CPU.ActiveCfg = Release|Any CPU
		{609CFE1C-DEB9-48A7-9B20-59216033041E}.Release|Any CPU.Build.0 = Release|Any CPU
	EndGlobalSection
	GlobalSection(SolutionProperties) = preSolution
		HideSolutionNode = FALSE
	EndGlobalSection
	GlobalSection(ExtensibilityGlobals) = postSolution
		SolutionGuid = {E1F89CFC-E05C-425C-9BD6-EB2F6BA59923}
	EndGlobalSection
EndGlobal
