
Microsoft Visual Studio Solution File, Format Version 12.00
# Visual Studio Version 16
VisualStudioVersion = 16.0.30011.22
MinimumVisualStudioVersion = 10.0.40219.1
Project("{FAE04EC0-301F-11D3-BF4B-00C04F79EFBC}") = "Vicold.Library4NetStandard.Utilities", "Vicold.Library4NetStandard.Utilities\Vicold.Library4NetStandard.Utilities.csproj", "{B43C48D5-6234-4429-94D3-EA352A2D2B4D}"
EndProject
Global
	GlobalSection(SolutionConfigurationPlatforms) = preSolution
		Debug|Any CPU = Debug|Any CPU
		Release|Any CPU = Release|Any CPU
	EndGlobalSection
	GlobalSection(ProjectConfigurationPlatforms) = postSolution
		{B43C48D5-6234-4429-94D3-EA352A2D2B4D}.Debug|Any CPU.ActiveCfg = Debug|Any CPU
		{B43C48D5-6234-4429-94D3-EA352A2D2B4D}.Debug|Any CPU.Build.0 = Debug|Any CPU
		{B43C48D5-6234-4429-94D3-EA352A2D2B4D}.Release|Any CPU.ActiveCfg = Release|Any CPU
		{B43C48D5-6234-4429-94D3-EA352A2D2B4D}.Release|Any CPU.Build.0 = Release|Any CPU
	EndGlobalSection
	GlobalSection(SolutionProperties) = preSolution
		HideSolutionNode = FALSE
	EndGlobalSection
	GlobalSection(ExtensibilityGlobals) = postSolution
		SolutionGuid = {11BC33D4-630E-4E4B-824C-238655AEB629}
	EndGlobalSection
EndGlobal
