
Microsoft Visual Studio Solution File, Format Version 12.00
# Visual Studio Version 16
VisualStudioVersion = 16.0.29519.181
MinimumVisualStudioVersion = 10.0.40219.1
Project("{FAE04EC0-301F-11D3-BF4B-00C04F79EFBC}") = "Vicold.Library4Net.Utilities", "Vicold.Library4Net.Utilities\Vicold.Library4Net.Utilities.csproj", "{4A16610E-54D5-4D53-ACB2-164A40ECD225}"
EndProject
Project("{FAE04EC0-301F-11D3-BF4B-00C04F79EFBC}") = "Vicold.Library4Net.TestConsole", "Vicold.Library4Net.TestConsole\Vicold.Library4Net.TestConsole.csproj", "{F4070AEC-7878-400C-AAEE-518411D89FE8}"
EndProject
Global
	GlobalSection(SolutionConfigurationPlatforms) = preSolution
		Debug|Any CPU = Debug|Any CPU
		Release|Any CPU = Release|Any CPU
	EndGlobalSection
	GlobalSection(ProjectConfigurationPlatforms) = postSolution
		{4A16610E-54D5-4D53-ACB2-164A40ECD225}.Debug|Any CPU.ActiveCfg = Debug|Any CPU
		{4A16610E-54D5-4D53-ACB2-164A40ECD225}.Debug|Any CPU.Build.0 = Debug|Any CPU
		{4A16610E-54D5-4D53-ACB2-164A40ECD225}.Release|Any CPU.ActiveCfg = Release|Any CPU
		{4A16610E-54D5-4D53-ACB2-164A40ECD225}.Release|Any CPU.Build.0 = Release|Any CPU
		{F4070AEC-7878-400C-AAEE-518411D89FE8}.Debug|Any CPU.ActiveCfg = Debug|Any CPU
		{F4070AEC-7878-400C-AAEE-518411D89FE8}.Debug|Any CPU.Build.0 = Debug|Any CPU
		{F4070AEC-7878-400C-AAEE-518411D89FE8}.Release|Any CPU.ActiveCfg = Release|Any CPU
		{F4070AEC-7878-400C-AAEE-518411D89FE8}.Release|Any CPU.Build.0 = Release|Any CPU
	EndGlobalSection
	GlobalSection(SolutionProperties) = preSolution
		HideSolutionNode = FALSE
	EndGlobalSection
	GlobalSection(ExtensibilityGlobals) = postSolution
		SolutionGuid = {55AA8BFA-4955-4DE6-B8DA-C7A13F24495A}
	EndGlobalSection
EndGlobal
